PODS:
  - Alamofire (5.0.0-rc.2)
  - AlamofireObjectMapper (6.2.0):
    - Alamofire (= 5.0.0-rc.2)
    - ObjectMapper (~> 3.5.1)
  - Kingfisher (5.10.1):
    - Kingfisher/Core (= 5.10.1)
  - Kingfisher/Core (5.10.1)
  - ObjectMapper (3.5.1)
  - SDWebImage/Core (5.3.1)
  - SDWebImageSVGCoder (1.1.0):
    - SDWebImage/Core (~> 5.0)
  - SideMenu (6.4.7)

DEPENDENCIES:
  - AlamofireObjectMapper (~> 6.2)
  - Kingfisher
  - SDWebImageSVGCoder
  - SideMenu (~> 6.0)

SPEC REPOS:
  https://github.com/cocoapods/specs.git:
    - Alamofire
    - AlamofireObjectMapper
    - Kingfisher
    - ObjectMapper
    - SDWebImage
    - SDWebImageSVGCoder
    - SideMenu

SPEC CHECKSUMS:
  Alamofire: f9450d3c7f6bea2ad62e7a541c3e9b186c7991d6
  AlamofireObjectMapper: 74d1440c92c42bbcc2b5f4dc81654ac095ec669f
  Kingfisher: eb36b7dfcc78d60877051c92c119a2865972961a
  ObjectMapper: 70187b8941977c62ccfb423caf6b50be405cabf0
  SDWebImage: 7137d57385fb632129838c1e6ab9528a22c666cc
  SDWebImageSVGCoder: 5b52866bc9dad0f3eae436f3c03c7a27b64eae16
  SideMenu: 928a015669c3afc201e1fe3a87f1b0bc8993a664

PODFILE CHECKSUM: e3a3c97389928e7e0f4caa02f1a6831a8b4d1b20

COCOAPODS: 1.7.5
