PODS:
  - Alamofire (5.0.0-rc.2)
  - AlamofireObjectMapper (6.2.0):
    - Alamofire (= 5.0.0-rc.2)
    - ObjectMapper (~> 3.5.1)
  - Kingfisher (5.10.1):
    - Kingfisher/Core (= 5.10.1)
  - Kingfisher/Core (5.10.1)
  - ObjectMapper (3.5.1)
  - SideMenu (6.4.7)

DEPENDENCIES:
  - AlamofireObjectMapper (~> 6.2)
  - Kingfisher
  - SideMenu (~> 6.0)

SPEC REPOS:
  https://github.com/cocoapods/specs.git:
    - Alamofire
    - AlamofireObjectMapper
    - Kingfisher
    - ObjectMapper
    - SideMenu

SPEC CHECKSUMS:
  Alamofire: f9450d3c7f6bea2ad62e7a541c3e9b186c7991d6
  AlamofireObjectMapper: 74d1440c92c42bbcc2b5f4dc81654ac095ec669f
  Kingfisher: eb36b7dfcc78d60877051c92c119a2865972961a
  ObjectMapper: 70187b8941977c62ccfb423caf6b50be405cabf0
  SideMenu: 928a015669c3afc201e1fe3a87f1b0bc8993a664

PODFILE CHECKSUM: f6428e963b3f43f591dcdce4970991dc79663222

COCOAPODS: 1.7.5
